
Microsoft Visual Studio Solution File, Format Version 12.00
# Visual Studio Version 17
VisualStudioVersion = 17.8.34511.84
MinimumVisualStudioVersion = 10.0.40219.1
Project("{FAE04EC0-301F-11D3-BF4B-00C04F79EFBC}") = "NE2HTML.Converter", "NE2HTML.Converter.csproj", "{C202FD7A-469F-401F-8865-FB5E03289374}"
EndProject
Global
	GlobalSection(SolutionConfigurationPlatforms) = preSolution
		Debug|Any CPU = Debug|Any CPU
		Release|Any CPU = Release|Any CPU
	EndGlobalSection
	GlobalSection(ProjectConfigurationPlatforms) = postSolution
		{C202FD7A-469F-401F-8865-FB5E03289374}.Debug|Any CPU.ActiveCfg = Debug|Any CPU
		{C202FD7A-469F-401F-8865-FB5E03289374}.Debug|Any CPU.Build.0 = Debug|Any CPU
		{C202FD7A-469F-401F-8865-FB5E03289374}.Release|Any CPU.ActiveCfg = Release|Any CPU
		{C202FD7A-469F-401F-8865-FB5E03289374}.Release|Any CPU.Build.0 = Release|Any CPU
	EndGlobalSection
	GlobalSection(SolutionProperties) = preSolution
		HideSolutionNode = FALSE
	EndGlobalSection
	GlobalSection(ExtensibilityGlobals) = postSolution
		SolutionGuid = {ECB766FE-87D7-4D77-AE42-A9789A5FADC9}
	EndGlobalSection
EndGlobal
